
Microsoft Visual Studio Solution File, Format Version 12.00
# Visual Studio Version 17
VisualStudioVersion = 17.11.35327.3
MinimumVisualStudioVersion = 10.0.40219.1
Project("{FAE04EC0-301F-11D3-BF4B-00C04F79EFBC}") = "AutoShuddown", "AutoShuddown.csproj", "{A8EDC3D1-9750-48BB-88C5-04EAD301E099}"
EndProject
Global
	GlobalSection(SolutionConfigurationPlatforms) = preSolution
		Beta|Any CPU = Beta|Any CPU
		Debug|Any CPU = Debug|Any CPU
		Release|Any CPU = Release|Any CPU
	EndGlobalSection
	GlobalSection(ProjectConfigurationPlatforms) = postSolution
		{A8EDC3D1-9750-48BB-88C5-04EAD301E099}.Beta|Any CPU.ActiveCfg = Beta|Any CPU
		{A8EDC3D1-9750-48BB-88C5-04EAD301E099}.Beta|Any CPU.Build.0 = Beta|Any CPU
		{A8EDC3D1-9750-48BB-88C5-04EAD301E099}.Debug|Any CPU.ActiveCfg = Release|Any CPU
		{A8EDC3D1-9750-48BB-88C5-04EAD301E099}.Debug|Any CPU.Build.0 = Release|Any CPU
		{A8EDC3D1-9750-48BB-88C5-04EAD301E099}.Release|Any CPU.ActiveCfg = Release|Any CPU
		{A8EDC3D1-9750-48BB-88C5-04EAD301E099}.Release|Any CPU.Build.0 = Release|Any CPU
	EndGlobalSection
	GlobalSection(SolutionProperties) = preSolution
		HideSolutionNode = FALSE
	EndGlobalSection
	GlobalSection(ExtensibilityGlobals) = postSolution
		SolutionGuid = {18015D52-3001-4FB0-B96E-4F3484166D0B}
	EndGlobalSection
EndGlobal
